{
  "name": "insta4",
  "lockfileVersion": 2,
  "requires": true,
  "packages": {
    "": {
      "dependencies": {
        "styled-components": "^5.3.5"
      }
    },
    "node_modules/@babel/code-frame": {
      "version": "7.8.3",
      "license": "MIT",
      "dependencies": {
        "@babel/highlight": "^7.8.3"
      }
    },
    "node_modules/@babel/generator": {
      "version": "7.8.4",
      "license": "MIT",
      "dependencies": {
        "@babel/types": "^7.8.3",
        "jsesc": "^2.5.1",
        "lodash": "^4.17.13",
        "source-map": "^0.5.0"
      }
    },
    "node_modules/@babel/generator/node_modules/source-map": {
      "version": "0.5.7",
      "license": "BSD-3-Clause",
      "engines": {
        "node": ">=0.10.0"
      }
    },
    "node_modules/@babel/helper-annotate-as-pure": {
      "version": "7.8.3",
      "license": "MIT",
      "dependencies": {
        "@babel/types": "^7.8.3"
      }
    },
    "node_modules/@babel/helper-function-name": {
      "version": "7.8.3",
      "license": "MIT",
      "dependencies": {
        "@babel/helper-get-function-arity": "^7.8.3",
        "@babel/template": "^7.8.3",
        "@babel/types": "^7.8.3"
      }
    },
    "node_modules/@babel/helper-get-function-arity": {
      "version": "7.8.3",
      "license": "MIT",
      "dependencies": {
        "@babel/types": "^7.8.3"
      }
    },
    "node_modules/@babel/helper-module-imports": {
      "version": "7.8.3",
      "license": "MIT",
      "dependencies": {
        "@babel/types": "^7.8.3"
      }
    },
    "node_modules/@babel/helper-split-export-declaration": {
      "version": "7.8.3",
      "license": "MIT",
      "dependencies": {
        "@babel/types": "^7.8.3"
      }
    },
    "node_modules/@babel/highlight": {
      "version": "7.8.3",
      "license": "MIT",
      "dependencies": {
        "chalk": "^2.0.0",
        "esutils": "^2.0.2",
        "js-tokens": "^4.0.0"
      }
    },
    "node_modules/@babel/parser": {
      "version": "7.8.4",
      "license": "MIT",
      "bin": {
        "parser": "bin/babel-parser.js"
      },
      "engines": {
        "node": ">=6.0.0"
      }
    },
    "node_modules/@babel/template": {
      "version": "7.8.3",
      "license": "MIT",
      "dependencies": {
        "@babel/code-frame": "^7.8.3",
        "@babel/parser": "^7.8.3",
        "@babel/types": "^7.8.3"
      }
    },
    "node_modules/@babel/traverse": {
      "version": "7.8.4",
      "license": "MIT",
      "dependencies": {
        "@babel/code-frame": "^7.8.3",
        "@babel/generator": "^7.8.4",
        "@babel/helper-function-name": "^7.8.3",
        "@babel/helper-split-export-declaration": "^7.8.3",
        "@babel/parser": "^7.8.4",
        "@babel/types": "^7.8.3",
        "debug": "^4.1.0",
        "globals": "^11.1.0",
        "lodash": "^4.17.13"
      }
    },
    "node_modules/@babel/types": {
      "version": "7.8.3",
      "license": "MIT",
      "dependencies": {
        "esutils": "^2.0.2",
        "lodash": "^4.17.13",
        "to-fast-properties": "^2.0.0"
      }
    },
    "node_modules/@emotion/is-prop-valid": {
      "version": "1.1.2",
      "license": "MIT",
      "dependencies": {
        "@emotion/memoize": "^0.7.4"
      }
    },
    "node_modules/@emotion/memoize": {
      "version": "0.7.5",
      "license": "MIT"
    },
    "node_modules/@emotion/stylis": {
      "version": "0.8.5",
      "license": "MIT"
    },
    "node_modules/@emotion/unitless": {
      "version": "0.7.5",
      "license": "MIT"
    },
    "node_modules/ansi-styles": {
      "version": "3.2.1",
      "license": "MIT",
      "dependencies": {
        "color-convert": "^1.9.0"
      },
      "engines": {
        "node": ">=4"
      }
    },
    "node_modules/babel-plugin-styled-components": {
      "version": "1.12.0",
      "license": "MIT",
      "dependencies": {
        "@babel/helper-annotate-as-pure": "^7.0.0",
        "@babel/helper-module-imports": "^7.0.0",
        "babel-plugin-syntax-jsx": "^6.18.0",
        "lodash": "^4.17.11"
      },
      "peerDependencies": {
        "styled-components": ">= 2"
      }
    },
    "node_modules/babel-plugin-syntax-jsx": {
      "version": "6.18.0",
      "license": "MIT"
    },
    "node_modules/camelize": {
      "version": "1.0.0",
      "license": "MIT"
    },
    "node_modules/chalk": {
      "version": "2.4.2",
      "license": "MIT",
      "dependencies": {
        "ansi-styles": "^3.2.1",
        "escape-string-regexp": "^1.0.5",
        "supports-color": "^5.3.0"
      },
      "engines": {
        "node": ">=4"
      }
    },
    "node_modules/color-convert": {
      "version": "1.9.3",
      "license": "MIT",
      "dependencies": {
        "color-name": "1.1.3"
      }
    },
    "node_modules/color-name": {
      "version": "1.1.3",
      "license": "MIT"
    },
    "node_modules/css-color-keywords": {
      "version": "1.0.0",
      "license": "ISC",
      "engines": {
        "node": ">=4"
      }
    },
    "node_modules/css-to-react-native": {
      "version": "3.0.0",
      "license": "MIT",
      "dependencies": {
        "camelize": "^1.0.0",
        "css-color-keywords": "^1.0.0",
        "postcss-value-parser": "^4.0.2"
      }
    },
    "node_modules/debug": {
      "version": "4.1.1",
      "license": "MIT",
      "dependencies": {
        "ms": "^2.1.1"
      }
    },
    "node_modules/escape-string-regexp": {
      "version": "1.0.5",
      "license": "MIT",
      "engines": {
        "node": ">=0.8.0"
      }
    },
    "node_modules/esutils": {
      "version": "2.0.3",
      "license": "BSD-2-Clause",
      "engines": {
        "node": ">=0.10.0"
      }
    },
    "node_modules/globals": {
      "version": "11.12.0",
      "license": "MIT",
      "engines": {
        "node": ">=4"
      }
    },
    "node_modules/has-flag": {
      "version": "3.0.0",
      "license": "MIT",
      "engines": {
        "node": ">=4"
      }
    },
    "node_modules/hoist-non-react-statics": {
      "version": "3.3.2",
      "license": "BSD-3-Clause",
      "dependencies": {
        "react-is": "^16.7.0"
      }
    },
    "node_modules/js-tokens": {
      "version": "4.0.0",
      "license": "MIT"
    },
    "node_modules/jsesc": {
      "version": "2.5.2",
      "license": "MIT",
      "bin": {
        "jsesc": "bin/jsesc"
      },
      "engines": {
        "node": ">=4"
      }
    },
    "node_modules/lodash": {
      "version": "4.17.15",
      "license": "MIT"
    },
    "node_modules/loose-envify": {
      "version": "1.4.0",
      "license": "MIT",
      "peer": true,
      "dependencies": {
        "js-tokens": "^3.0.0 || ^4.0.0"
      },
      "bin": {
        "loose-envify": "cli.js"
      }
    },
    "node_modules/ms": {
      "version": "2.1.2",
      "license": "MIT"
    },
    "node_modules/object-assign": {
      "version": "4.1.1",
      "license": "MIT",
      "peer": true,
      "engines": {
        "node": ">=0.10.0"
      }
    },
    "node_modules/postcss-value-parser": {
      "version": "4.0.2",
      "license": "MIT"
    },
    "node_modules/prop-types": {
      "version": "15.7.2",
      "license": "MIT",
      "peer": true,
      "dependencies": {
        "loose-envify": "^1.4.0",
        "object-assign": "^4.1.1",
        "react-is": "^16.8.1"
      }
    },
    "node_modules/react": {
      "version": "16.12.0",
      "license": "MIT",
      "peer": true,
      "dependencies": {
        "loose-envify": "^1.1.0",
        "object-assign": "^4.1.1",
        "prop-types": "^15.6.2"
      },
      "engines": {
        "node": ">=0.10.0"
      }
    },
    "node_modules/react-dom": {
      "version": "16.12.0",
      "license": "MIT",
      "peer": true,
      "dependencies": {
        "loose-envify": "^1.1.0",
        "object-assign": "^4.1.1",
        "prop-types": "^15.6.2",
        "scheduler": "^0.18.0"
      },
      "peerDependencies": {
        "react": "^16.0.0"
      }
    },
    "node_modules/react-is": {
      "version": "16.12.0",
      "license": "MIT"
    },
    "node_modules/scheduler": {
      "version": "0.18.0",
      "license": "MIT",
      "peer": true,
      "dependencies": {
        "loose-envify": "^1.1.0",
        "object-assign": "^4.1.1"
      }
    },
    "node_modules/shallowequal": {
      "version": "1.1.0",
      "license": "MIT"
    },
    "node_modules/styled-components": {
      "version": "5.3.5",
      "resolved": "https://registry.npmjs.org/styled-components/-/styled-components-5.3.5.tgz",
      "integrity": "sha512-ndETJ9RKaaL6q41B69WudeqLzOpY1A/ET/glXkNZ2T7dPjPqpPCXXQjDFYZWwNnE5co0wX+gTCqx9mfxTmSIPg==",
      "hasInstallScript": true,
      "dependencies": {
        "@babel/helper-module-imports": "^7.0.0",
        "@babel/traverse": "^7.4.5",
        "@emotion/is-prop-valid": "^1.1.0",
        "@emotion/stylis": "^0.8.4",
        "@emotion/unitless": "^0.7.4",
        "babel-plugin-styled-components": ">= 1.12.0",
        "css-to-react-native": "^3.0.0",
        "hoist-non-react-statics": "^3.0.0",
        "shallowequal": "^1.1.0",
        "supports-color": "^5.5.0"
      },
      "engines": {
        "node": ">=10"
      },
      "funding": {
        "type": "opencollective",
        "url": "https://opencollective.com/styled-components"
      },
      "peerDependencies": {
        "react": ">= 16.8.0",
        "react-dom": ">= 16.8.0",
        "react-is": ">= 16.8.0"
      }
    },
    "node_modules/supports-color": {
      "version": "5.5.0",
      "license": "MIT",
      "dependencies": {
        "has-flag": "^3.0.0"
      },
      "engines": {
        "node": ">=4"
      }
    },
    "node_modules/to-fast-properties": {
      "version": "2.0.0",
      "license": "MIT",
      "engines": {
        "node": ">=4"
      }
    }
  },
  "dependencies": {
    "@babel/code-frame": {
      "version": "7.8.3",
      "requires": {
        "@babel/highlight": "^7.8.3"
      }
    },
    "@babel/generator": {
      "version": "7.8.4",
      "requires": {
        "@babel/types": "^7.8.3",
        "jsesc": "^2.5.1",
        "lodash": "^4.17.13",
        "source-map": "^0.5.0"
      },
      "dependencies": {
        "source-map": {
          "version": "0.5.7"
        }
      }
    },
    "@babel/helper-annotate-as-pure": {
      "version": "7.8.3",
      "requires": {
        "@babel/types": "^7.8.3"
      }
    },
    "@babel/helper-function-name": {
      "version": "7.8.3",
      "requires": {
        "@babel/helper-get-function-arity": "^7.8.3",
        "@babel/template": "^7.8.3",
        "@babel/types": "^7.8.3"
      }
    },
    "@babel/helper-get-function-arity": {
      "version": "7.8.3",
      "requires": {
        "@babel/types": "^7.8.3"
      }
    },
    "@babel/helper-module-imports": {
      "version": "7.8.3",
      "requires": {
        "@babel/types": "^7.8.3"
      }
    },
    "@babel/helper-split-export-declaration": {
      "version": "7.8.3",
      "requires": {
        "@babel/types": "^7.8.3"
      }
    },
    "@babel/highlight": {
      "version": "7.8.3",
      "requires": {
        "chalk": "^2.0.0",
        "esutils": "^2.0.2",
        "js-tokens": "^4.0.0"
      }
    },
    "@babel/parser": {
      "version": "7.8.4"
    },
    "@babel/template": {
      "version": "7.8.3",
      "requires": {
        "@babel/code-frame": "^7.8.3",
        "@babel/parser": "^7.8.3",
        "@babel/types": "^7.8.3"
      }
    },
    "@babel/traverse": {
      "version": "7.8.4",
      "requires": {
        "@babel/code-frame": "^7.8.3",
        "@babel/generator": "^7.8.4",
        "@babel/helper-function-name": "^7.8.3",
        "@babel/helper-split-export-declaration": "^7.8.3",
        "@babel/parser": "^7.8.4",
        "@babel/types": "^7.8.3",
        "debug": "^4.1.0",
        "globals": "^11.1.0",
        "lodash": "^4.17.13"
      }
    },
    "@babel/types": {
      "version": "7.8.3",
      "requires": {
        "esutils": "^2.0.2",
        "lodash": "^4.17.13",
        "to-fast-properties": "^2.0.0"
      }
    },
    "@emotion/is-prop-valid": {
      "version": "1.1.2",
      "requires": {
        "@emotion/memoize": "^0.7.4"
      }
    },
    "@emotion/memoize": {
      "version": "0.7.5"
    },
    "@emotion/stylis": {
      "version": "0.8.5"
    },
    "@emotion/unitless": {
      "version": "0.7.5"
    },
    "ansi-styles": {
      "version": "3.2.1",
      "requires": {
        "color-convert": "^1.9.0"
      }
    },
    "babel-plugin-styled-components": {
      "version": "1.12.0",
      "requires": {
        "@babel/helper-annotate-as-pure": "^7.0.0",
        "@babel/helper-module-imports": "^7.0.0",
        "babel-plugin-syntax-jsx": "^6.18.0",
        "lodash": "^4.17.11"
      }
    },
    "babel-plugin-syntax-jsx": {
      "version": "6.18.0"
    },
    "camelize": {
      "version": "1.0.0"
    },
    "chalk": {
      "version": "2.4.2",
      "requires": {
        "ansi-styles": "^3.2.1",
        "escape-string-regexp": "^1.0.5",
        "supports-color": "^5.3.0"
      }
    },
    "color-convert": {
      "version": "1.9.3",
      "requires": {
        "color-name": "1.1.3"
      }
    },
    "color-name": {
      "version": "1.1.3"
    },
    "css-color-keywords": {
      "version": "1.0.0"
    },
    "css-to-react-native": {
      "version": "3.0.0",
      "requires": {
        "camelize": "^1.0.0",
        "css-color-keywords": "^1.0.0",
        "postcss-value-parser": "^4.0.2"
      }
    },
    "debug": {
      "version": "4.1.1",
      "requires": {
        "ms": "^2.1.1"
      }
    },
    "escape-string-regexp": {
      "version": "1.0.5"
    },
    "esutils": {
      "version": "2.0.3"
    },
    "globals": {
      "version": "11.12.0"
    },
    "has-flag": {
      "version": "3.0.0"
    },
    "hoist-non-react-statics": {
      "version": "3.3.2",
      "requires": {
        "react-is": "^16.7.0"
      }
    },
    "js-tokens": {
      "version": "4.0.0"
    },
    "jsesc": {
      "version": "2.5.2"
    },
    "lodash": {
      "version": "4.17.15"
    },
    "loose-envify": {
      "version": "1.4.0",
      "peer": true,
      "requires": {
        "js-tokens": "^3.0.0 || ^4.0.0"
      }
    },
    "ms": {
      "version": "2.1.2"
    },
    "object-assign": {
      "version": "4.1.1",
      "peer": true
    },
    "postcss-value-parser": {
      "version": "4.0.2"
    },
    "prop-types": {
      "version": "15.7.2",
      "peer": true,
      "requires": {
        "loose-envify": "^1.4.0",
        "object-assign": "^4.1.1",
        "react-is": "^16.8.1"
      }
    },
    "react": {
      "version": "16.12.0",
      "peer": true,
      "requires": {
        "loose-envify": "^1.1.0",
        "object-assign": "^4.1.1",
        "prop-types": "^15.6.2"
      }
    },
    "react-dom": {
      "version": "16.12.0",
      "peer": true,
      "requires": {
        "loose-envify": "^1.1.0",
        "object-assign": "^4.1.1",
        "prop-types": "^15.6.2",
        "scheduler": "^0.18.0"
      }
    },
    "react-is": {
      "version": "16.12.0"
    },
    "scheduler": {
      "version": "0.18.0",
      "peer": true,
      "requires": {
        "loose-envify": "^1.1.0",
        "object-assign": "^4.1.1"
      }
    },
    "shallowequal": {
      "version": "1.1.0"
    },
    "styled-components": {
      "version": "5.3.5",
      "resolved": "https://registry.npmjs.org/styled-components/-/styled-components-5.3.5.tgz",
      "integrity": "sha512-ndETJ9RKaaL6q41B69WudeqLzOpY1A/ET/glXkNZ2T7dPjPqpPCXXQjDFYZWwNnE5co0wX+gTCqx9mfxTmSIPg==",
      "requires": {
        "@babel/helper-module-imports": "^7.0.0",
        "@babel/traverse": "^7.4.5",
        "@emotion/is-prop-valid": "^1.1.0",
        "@emotion/stylis": "^0.8.4",
        "@emotion/unitless": "^0.7.4",
        "babel-plugin-styled-components": ">= 1.12.0",
        "css-to-react-native": "^3.0.0",
        "hoist-non-react-statics": "^3.0.0",
        "shallowequal": "^1.1.0",
        "supports-color": "^5.5.0"
      }
    },
    "supports-color": {
      "version": "5.5.0",
      "requires": {
        "has-flag": "^3.0.0"
      }
    },
    "to-fast-properties": {
      "version": "2.0.0"
    }
  }
}
